
Microsoft Visual Studio Solution File, Format Version 12.00
# Visual Studio 15
VisualStudioVersion = 15.0.28010.2046
MinimumVisualStudioVersion = 10.0.40219.1
Project("{FAE04EC0-301F-11D3-BF4B-00C04F79EFBC}") = "Zadatak 1 i 2", "Zadatak 1 i 2\Zadatak 1 i 2.csproj", "{20827E67-BE46-4529-84F0-08DB995E4B9C}"
EndProject
Project("{FAE04EC0-301F-11D3-BF4B-00C04F79EFBC}") = "Zadatak 3, 4 i 5", "Zadatak 3, 4 i 5\Zadatak 3, 4 i 5.csproj", "{9767BB6E-F265-4FA6-BE90-7AFACB1667BB}"
EndProject
Project("{FAE04EC0-301F-11D3-BF4B-00C04F79EFBC}") = "Zadatak 6 i 7", "Zadatak 6 i 7\Zadatak 6 i 7.csproj", "{178F79B5-A646-4D39-9B8B-3206F68C55B1}"
EndProject
Global
	GlobalSection(SolutionConfigurationPlatforms) = preSolution
		Debug|Any CPU = Debug|Any CPU
		Release|Any CPU = Release|Any CPU
	EndGlobalSection
	GlobalSection(ProjectConfigurationPlatforms) = postSolution
		{20827E67-BE46-4529-84F0-08DB995E4B9C}.Debug|Any CPU.ActiveCfg = Debug|Any CPU
		{20827E67-BE46-4529-84F0-08DB995E4B9C}.Debug|Any CPU.Build.0 = Debug|Any CPU
		{20827E67-BE46-4529-84F0-08DB995E4B9C}.Release|Any CPU.ActiveCfg = Release|Any CPU
		{20827E67-BE46-4529-84F0-08DB995E4B9C}.Release|Any CPU.Build.0 = Release|Any CPU
		{9767BB6E-F265-4FA6-BE90-7AFACB1667BB}.Debug|Any CPU.ActiveCfg = Debug|Any CPU
		{9767BB6E-F265-4FA6-BE90-7AFACB1667BB}.Debug|Any CPU.Build.0 = Debug|Any CPU
		{9767BB6E-F265-4FA6-BE90-7AFACB1667BB}.Release|Any CPU.ActiveCfg = Release|Any CPU
		{9767BB6E-F265-4FA6-BE90-7AFACB1667BB}.Release|Any CPU.Build.0 = Release|Any CPU
		{178F79B5-A646-4D39-9B8B-3206F68C55B1}.Debug|Any CPU.ActiveCfg = Debug|Any CPU
		{178F79B5-A646-4D39-9B8B-3206F68C55B1}.Debug|Any CPU.Build.0 = Debug|Any CPU
		{178F79B5-A646-4D39-9B8B-3206F68C55B1}.Release|Any CPU.ActiveCfg = Release|Any CPU
		{178F79B5-A646-4D39-9B8B-3206F68C55B1}.Release|Any CPU.Build.0 = Release|Any CPU
	EndGlobalSection
	GlobalSection(SolutionProperties) = preSolution
		HideSolutionNode = FALSE
	EndGlobalSection
	GlobalSection(ExtensibilityGlobals) = postSolution
		SolutionGuid = {CCDF5E57-F247-47BE-970D-59F345E615BF}
	EndGlobalSection
EndGlobal
